// !$*UTF8*$!
{
	archiveVersion = 1;
	classes = {
	};
	objectVersion = 55;
	objects = {

/* Begin PBXBuildFile section */
		181D2F1B2A72E78B0081296C /* SegmentedTableViewCell.swift in Sources */ = {isa = PBXBuildFile; fileRef = 181D2F1A2A72E78B0081296C /* SegmentedTableViewCell.swift */; };
		1877D9CE2A67B979009E6E82 /* TextFieldTableViewCell.swift in Sources */ = {isa = PBXBuildFile; fileRef = 1877D9CD2A67B979009E6E82 /* TextFieldTableViewCell.swift */; };
		18E4C3792A4184140046A20C /* SettingsTableViewController.swift in Sources */ = {isa = PBXBuildFile; fileRef = 18E4C3782A4184140046A20C /* SettingsTableViewController.swift */; };
		18E4C37C2A4184CE0046A20C /* SettingsTableViewControllerPresenter.swift in Sources */ = {isa = PBXBuildFile; fileRef = 18E4C37B2A4184CE0046A20C /* SettingsTableViewControllerPresenter.swift */; };
		18E4C3802A4187650046A20C /* SwitchTableViewCell.swift in Sources */ = {isa = PBXBuildFile; fileRef = 18E4C37F2A4187650046A20C /* SwitchTableViewCell.swift */; };
		18E4C3832A418B070046A20C /* SliderTableViewCell.swift in Sources */ = {isa = PBXBuildFile; fileRef = 18E4C3822A418B070046A20C /* SliderTableViewCell.swift */; };
		CE01075E2930B844000804BC /* AppDelegate.swift in Sources */ = {isa = PBXBuildFile; fileRef = CE01075D2930B844000804BC /* AppDelegate.swift */; };
		CE0107622930B844000804BC /* HomeViewController.swift in Sources */ = {isa = PBXBuildFile; fileRef = CE0107612930B844000804BC /* HomeViewController.swift */; };
		CE0107652930B844000804BC /* Main.storyboard in Resources */ = {isa = PBXBuildFile; fileRef = CE0107632930B844000804BC /* Main.storyboard */; };
		CE0107672930B846000804BC /* Assets.xcassets in Resources */ = {isa = PBXBuildFile; fileRef = CE0107662930B846000804BC /* Assets.xcassets */; };
		CE01076A2930B846000804BC /* LaunchScreen.storyboard in Resources */ = {isa = PBXBuildFile; fileRef = CE0107682930B846000804BC /* LaunchScreen.storyboard */; };
		CE38F1A92931E80B0011F976 /* MyWoundSDKPresenter.swift in Sources */ = {isa = PBXBuildFile; fileRef = CE38F1A82931E80B0011F976 /* MyWoundSDKPresenter.swift */; };
		CE38F1C9293285490011F976 /* Localizable.strings in Resources */ = {isa = PBXBuildFile; fileRef = CE38F1CC293285490011F976 /* Localizable.strings */; };
		CE38F1CF293285750011F976 /* L.swift in Sources */ = {isa = PBXBuildFile; fileRef = CE38F1CE293285750011F976 /* L.swift */; };
		CE87D37F297984930026780F /* Series.swift in Sources */ = {isa = PBXBuildFile; fileRef = CE87D37E297984930026780F /* Series.swift */; };
		CEAE4345297F16630080CECE /* ChartView.swift in Sources */ = {isa = PBXBuildFile; fileRef = CEAE4344297F16630080CECE /* ChartView.swift */; };
		CEE2841D29430FD400CB138E /* CaptureResultTableViewCell.swift in Sources */ = {isa = PBXBuildFile; fileRef = CEE2841C29430FD400CB138E /* CaptureResultTableViewCell.swift */; };
		CEE2842A29447FD900CB138E /* ruler-mode-tutorial.mp4 in Resources */ = {isa = PBXBuildFile; fileRef = CEE2842829447FD900CB138E /* ruler-mode-tutorial.mp4 */; };
		CEE2842C29447FD900CB138E /* marker-mode-tutorial.mp4 in Resources */ = {isa = PBXBuildFile; fileRef = CEE2842929447FD900CB138E /* marker-mode-tutorial.mp4 */; };
		CEF2B4702931E219001ADDE9 /* AVFAudio.framework in Frameworks */ = {isa = PBXBuildFile; fileRef = CE010A072931DEED000804BC /* AVFAudio.framework */; settings = {ATTRIBUTES = (Weak, ); }; };
/* End PBXBuildFile section */

/* Begin PBXCopyFilesBuildPhase section */
		188295C92A7D015900784DF8 /* Embed Frameworks */ = {
			isa = PBXCopyFilesBuildPhase;
			buildActionMask = 2147483647;
			dstPath = "";
			dstSubfolderSpec = 10;
			files = (
			);
			name = "Embed Frameworks";
			runOnlyForDeploymentPostprocessing = 0;
		};
/* End PBXCopyFilesBuildPhase section */

/* Begin PBXFileReference section */
		181D2F1A2A72E78B0081296C /* SegmentedTableViewCell.swift */ = {isa = PBXFileReference; fileEncoding = 4; lastKnownFileType = sourcecode.swift; path = SegmentedTableViewCell.swift; sourceTree = "<group>"; };
		1877D9CD2A67B979009E6E82 /* TextFieldTableViewCell.swift */ = {isa = PBXFileReference; lastKnownFileType = sourcecode.swift; path = TextFieldTableViewCell.swift; sourceTree = "<group>"; };
		18E4C3782A4184140046A20C /* SettingsTableViewController.swift */ = {isa = PBXFileReference; lastKnownFileType = sourcecode.swift; path = SettingsTableViewController.swift; sourceTree = "<group>"; };
		18E4C37B2A4184CE0046A20C /* SettingsTableViewControllerPresenter.swift */ = {isa = PBXFileReference; lastKnownFileType = sourcecode.swift; path = SettingsTableViewControllerPresenter.swift; sourceTree = "<group>"; };
		18E4C37F2A4187650046A20C /* SwitchTableViewCell.swift */ = {isa = PBXFileReference; lastKnownFileType = sourcecode.swift; path = SwitchTableViewCell.swift; sourceTree = "<group>"; };
		18E4C3822A418B070046A20C /* SliderTableViewCell.swift */ = {isa = PBXFileReference; lastKnownFileType = sourcecode.swift; path = SliderTableViewCell.swift; sourceTree = "<group>"; };
		CE01075A2930B844000804BC /* Sample.app */ = {isa = PBXFileReference; explicitFileType = wrapper.application; includeInIndex = 0; path = Sample.app; sourceTree = BUILT_PRODUCTS_DIR; };
		CE01075D2930B844000804BC /* AppDelegate.swift */ = {isa = PBXFileReference; lastKnownFileType = sourcecode.swift; path = AppDelegate.swift; sourceTree = "<group>"; };
		CE0107612930B844000804BC /* HomeViewController.swift */ = {isa = PBXFileReference; lastKnownFileType = sourcecode.swift; path = HomeViewController.swift; sourceTree = "<group>"; };
		CE0107642930B844000804BC /* Base */ = {isa = PBXFileReference; lastKnownFileType = file.storyboard; name = Base; path = Base.lproj/Main.storyboard; sourceTree = "<group>"; };
		CE0107662930B846000804BC /* Assets.xcassets */ = {isa = PBXFileReference; lastKnownFileType = folder.assetcatalog; path = Assets.xcassets; sourceTree = "<group>"; };
		CE0107692930B846000804BC /* Base */ = {isa = PBXFileReference; lastKnownFileType = file.storyboard; name = Base; path = Base.lproj/LaunchScreen.storyboard; sourceTree = "<group>"; };
		CE0107842930BBE7000804BC /* imitoWoundSDK.xcframework */ = {isa = PBXFileReference; lastKnownFileType = wrapper.xcframework; name = imitoWoundSDK.xcframework; path = ../imitoWoundSDK/build/imitoWoundSDK.xcframework; sourceTree = "<group>"; };
		CE010A072931DEED000804BC /* AVFAudio.framework */ = {isa = PBXFileReference; lastKnownFileType = wrapper.framework; name = AVFAudio.framework; path = System/Library/Frameworks/AVFAudio.framework; sourceTree = SDKROOT; };
		CE38F1A82931E80B0011F976 /* MyWoundSDKPresenter.swift */ = {isa = PBXFileReference; lastKnownFileType = sourcecode.swift; path = MyWoundSDKPresenter.swift; sourceTree = "<group>"; };
		CE38F1CB293285490011F976 /* en */ = {isa = PBXFileReference; lastKnownFileType = text.plist.strings; name = en; path = en.lproj/Localizable.strings; sourceTree = "<group>"; };
		CE38F1CE293285750011F976 /* L.swift */ = {isa = PBXFileReference; lastKnownFileType = sourcecode.swift; path = L.swift; sourceTree = "<group>"; };
		CE3B22F82950A8F50012366B /* Info.plist */ = {isa = PBXFileReference; lastKnownFileType = text.plist; name = Info.plist; path = Sample/Info.plist; sourceTree = SOURCE_ROOT; };
		CE87D37E297984930026780F /* Series.swift */ = {isa = PBXFileReference; lastKnownFileType = sourcecode.swift; path = Series.swift; sourceTree = "<group>"; };
		CEAE4344297F16630080CECE /* ChartView.swift */ = {isa = PBXFileReference; lastKnownFileType = sourcecode.swift; path = ChartView.swift; sourceTree = "<group>"; };
		CEE2841C29430FD400CB138E /* CaptureResultTableViewCell.swift */ = {isa = PBXFileReference; lastKnownFileType = sourcecode.swift; path = CaptureResultTableViewCell.swift; sourceTree = "<group>"; };
		CEE2842129445C8A00CB138E /* de */ = {isa = PBXFileReference; lastKnownFileType = text.plist.strings; name = de; path = de.lproj/Localizable.strings; sourceTree = "<group>"; };
		CEE2842229445C9300CB138E /* fr */ = {isa = PBXFileReference; lastKnownFileType = text.plist.strings; name = fr; path = fr.lproj/Localizable.strings; sourceTree = "<group>"; };
		CEE2842329445CA100CB138E /* pt-PT */ = {isa = PBXFileReference; lastKnownFileType = text.plist.strings; name = "pt-PT"; path = "pt-PT.lproj/Localizable.strings"; sourceTree = "<group>"; };
		CEE2842429445CA900CB138E /* es */ = {isa = PBXFileReference; lastKnownFileType = text.plist.strings; name = es; path = es.lproj/Localizable.strings; sourceTree = "<group>"; };
		CEE2842829447FD900CB138E /* ruler-mode-tutorial.mp4 */ = {isa = PBXFileReference; lastKnownFileType = file; path = "ruler-mode-tutorial.mp4"; sourceTree = "<group>"; };
		CEE2842929447FD900CB138E /* marker-mode-tutorial.mp4 */ = {isa = PBXFileReference; lastKnownFileType = file; path = "marker-mode-tutorial.mp4"; sourceTree = "<group>"; };
/* End PBXFileReference section */

/* Begin PBXFrameworksBuildPhase section */
		CE0107572930B844000804BC /* Frameworks */ = {
			isa = PBXFrameworksBuildPhase;
			buildActionMask = 2147483647;
			files = (
				CEF2B4702931E219001ADDE9 /* AVFAudio.framework in Frameworks */,
			);
			runOnlyForDeploymentPostprocessing = 0;
		};
/* End PBXFrameworksBuildPhase section */

/* Begin PBXGroup section */
		18E4C37E2A41874C0046A20C /* SettingsCells */ = {
			isa = PBXGroup;
			children = (
				181D2F1A2A72E78B0081296C /* SegmentedTableViewCell.swift */,
				18E4C37F2A4187650046A20C /* SwitchTableViewCell.swift */,
				18E4C3822A418B070046A20C /* SliderTableViewCell.swift */,
				1877D9CD2A67B979009E6E82 /* TextFieldTableViewCell.swift */,
			);
			path = SettingsCells;
			sourceTree = "<group>";
		};
		CE0107512930B844000804BC = {
			isa = PBXGroup;
			children = (
				CE01075C2930B844000804BC /* Sample */,
				CE01075B2930B844000804BC /* Products */,
				CE0107832930BBE7000804BC /* Frameworks */,
			);
			sourceTree = "<group>";
		};
		CE01075B2930B844000804BC /* Products */ = {
			isa = PBXGroup;
			children = (
				CE01075A2930B844000804BC /* Sample.app */,
			);
			name = Products;
			sourceTree = "<group>";
		};
		CE01075C2930B844000804BC /* Sample */ = {
			isa = PBXGroup;
			children = (
				CEE2842729447FC000CB138E /* TutorialVideos */,
				CEE2841A29430F9600CB138E /* HomeViewController */,
				CEA173FA297AA6670093B7FE /* SettingsViewController */,
				CEE2841F2943174D00CB138E /* imitoWoundSDKCustomPresenter */,
				CE38F1C12932387F0011F976 /* imitoWoundSDKDevPods */,
				CE38F1CD2932855D0011F976 /* Localization */,
				CEE284202943176B00CB138E /* Application */,
			);
			path = Sample;
			sourceTree = "<group>";
		};
		CE0107832930BBE7000804BC /* Frameworks */ = {
			isa = PBXGroup;
			children = (
				CE010A072931DEED000804BC /* AVFAudio.framework */,
				CE0107842930BBE7000804BC /* imitoWoundSDK.xcframework */,
			);
			name = Frameworks;
			sourceTree = "<group>";
		};
		CE38F1C12932387F0011F976 /* imitoWoundSDKDevPods */ = {
			isa = PBXGroup;
			children = (
				CE3B22F82950A8F50012366B /* Info.plist */,
			);
			path = imitoWoundSDKDevPods;
			sourceTree = "<group>";
		};
		CE38F1CD2932855D0011F976 /* Localization */ = {
			isa = PBXGroup;
			children = (
				CE38F1CC293285490011F976 /* Localizable.strings */,
				CE38F1CE293285750011F976 /* L.swift */,
			);
			path = Localization;
			sourceTree = "<group>";
		};
		CE87D37D297984750026780F /* Models */ = {
			isa = PBXGroup;
			children = (
				CE87D37E297984930026780F /* Series.swift */,
			);
			path = Models;
			sourceTree = "<group>";
		};
		CEA173FA297AA6670093B7FE /* SettingsViewController */ = {
			isa = PBXGroup;
			children = (
				18E4C37E2A41874C0046A20C /* SettingsCells */,
				18E4C3782A4184140046A20C /* SettingsTableViewController.swift */,
				18E4C37B2A4184CE0046A20C /* SettingsTableViewControllerPresenter.swift */,
			);
			path = SettingsViewController;
			sourceTree = "<group>";
		};
		CEAE4343297F16570080CECE /* Chart */ = {
			isa = PBXGroup;
			children = (
				CEAE4344297F16630080CECE /* ChartView.swift */,
			);
			path = Chart;
			sourceTree = "<group>";
		};
		CEE2841A29430F9600CB138E /* HomeViewController */ = {
			isa = PBXGroup;
			children = (
				CEAE4343297F16570080CECE /* Chart */,
				CE87D37D297984750026780F /* Models */,
				CEE2841B29430FB500CB138E /* Cells */,
				CE0107612930B844000804BC /* HomeViewController.swift */,
			);
			path = HomeViewController;
			sourceTree = "<group>";
		};
		CEE2841B29430FB500CB138E /* Cells */ = {
			isa = PBXGroup;
			children = (
				CEE2841C29430FD400CB138E /* CaptureResultTableViewCell.swift */,
			);
			path = Cells;
			sourceTree = "<group>";
		};
		CEE2841F2943174D00CB138E /* imitoWoundSDKCustomPresenter */ = {
			isa = PBXGroup;
			children = (
				CE38F1A82931E80B0011F976 /* MyWoundSDKPresenter.swift */,
			);
			path = imitoWoundSDKCustomPresenter;
			sourceTree = "<group>";
		};
		CEE284202943176B00CB138E /* Application */ = {
			isa = PBXGroup;
			children = (
				CE01075D2930B844000804BC /* AppDelegate.swift */,
				CE0107632930B844000804BC /* Main.storyboard */,
				CE0107662930B846000804BC /* Assets.xcassets */,
				CE0107682930B846000804BC /* LaunchScreen.storyboard */,
			);
			path = Application;
			sourceTree = "<group>";
		};
		CEE2842729447FC000CB138E /* TutorialVideos */ = {
			isa = PBXGroup;
			children = (
				CEE2842929447FD900CB138E /* marker-mode-tutorial.mp4 */,
				CEE2842829447FD900CB138E /* ruler-mode-tutorial.mp4 */,
			);
			path = TutorialVideos;
			sourceTree = "<group>";
		};
/* End PBXGroup section */

/* Begin PBXNativeTarget section */
		CE0107592930B844000804BC /* Sample */ = {
			isa = PBXNativeTarget;
			buildConfigurationList = CE01076E2930B846000804BC /* Build configuration list for PBXNativeTarget "Sample" */;
			buildPhases = (
				CE0107562930B844000804BC /* Sources */,
				CE0107572930B844000804BC /* Frameworks */,
				CE0107582930B844000804BC /* Resources */,
				188295C92A7D015900784DF8 /* Embed Frameworks */,
			);
			buildRules = (
			);
			dependencies = (
			);
			name = Sample;
			packageProductDependencies = (
			);
			productName = imitoWoundSDKUsageSample;
			productReference = CE01075A2930B844000804BC /* Sample.app */;
			productType = "com.apple.product-type.application";
		};
/* End PBXNativeTarget section */

/* Begin PBXProject section */
		CE0107522930B844000804BC /* Project object */ = {
			isa = PBXProject;
			attributes = {
				BuildIndependentTargetsInParallel = 1;
				LastSwiftUpdateCheck = 1400;
				LastUpgradeCheck = 1400;
				TargetAttributes = {
					CE0107592930B844000804BC = {
						CreatedOnToolsVersion = 14.0;
					};
				};
			};
			buildConfigurationList = CE0107552930B844000804BC /* Build configuration list for PBXProject "Sample" */;
			compatibilityVersion = "Xcode 13.0";
			developmentRegion = en;
			hasScannedForEncodings = 0;
			knownRegions = (
				en,
				Base,
				de,
				fr,
				"pt-PT",
				es,
			);
			mainGroup = CE0107512930B844000804BC;
			productRefGroup = CE01075B2930B844000804BC /* Products */;
			projectDirPath = "";
			projectRoot = "";
			targets = (
				CE0107592930B844000804BC /* Sample */,
			);
		};
/* End PBXProject section */

/* Begin PBXResourcesBuildPhase section */
		CE0107582930B844000804BC /* Resources */ = {
			isa = PBXResourcesBuildPhase;
			buildActionMask = 2147483647;
			files = (
				CEE2842C29447FD900CB138E /* marker-mode-tutorial.mp4 in Resources */,
				CE01076A2930B846000804BC /* LaunchScreen.storyboard in Resources */,
				CEE2842A29447FD900CB138E /* ruler-mode-tutorial.mp4 in Resources */,
				CE38F1C9293285490011F976 /* Localizable.strings in Resources */,
				CE0107672930B846000804BC /* Assets.xcassets in Resources */,
				CE0107652930B844000804BC /* Main.storyboard in Resources */,
			);
			runOnlyForDeploymentPostprocessing = 0;
		};
/* End PBXResourcesBuildPhase section */

/* Begin PBXSourcesBuildPhase section */
		CE0107562930B844000804BC /* Sources */ = {
			isa = PBXSourcesBuildPhase;
			buildActionMask = 2147483647;
			files = (
				CE87D37F297984930026780F /* Series.swift in Sources */,
				18E4C37C2A4184CE0046A20C /* SettingsTableViewControllerPresenter.swift in Sources */,
				18E4C3802A4187650046A20C /* SwitchTableViewCell.swift in Sources */,
				1877D9CE2A67B979009E6E82 /* TextFieldTableViewCell.swift in Sources */,
				CE0107622930B844000804BC /* HomeViewController.swift in Sources */,
				CE38F1A92931E80B0011F976 /* MyWoundSDKPresenter.swift in Sources */,
				181D2F1B2A72E78B0081296C /* SegmentedTableViewCell.swift in Sources */,
				CE38F1CF293285750011F976 /* L.swift in Sources */,
				CE01075E2930B844000804BC /* AppDelegate.swift in Sources */,
				CEE2841D29430FD400CB138E /* CaptureResultTableViewCell.swift in Sources */,
				CEAE4345297F16630080CECE /* ChartView.swift in Sources */,
				18E4C3832A418B070046A20C /* SliderTableViewCell.swift in Sources */,
				18E4C3792A4184140046A20C /* SettingsTableViewController.swift in Sources */,
			);
			runOnlyForDeploymentPostprocessing = 0;
		};
/* End PBXSourcesBuildPhase section */

/* Begin PBXVariantGroup section */
		CE0107632930B844000804BC /* Main.storyboard */ = {
			isa = PBXVariantGroup;
			children = (
				CE0107642930B844000804BC /* Base */,
			);
			name = Main.storyboard;
			sourceTree = "<group>";
		};
		CE0107682930B846000804BC /* LaunchScreen.storyboard */ = {
			isa = PBXVariantGroup;
			children = (
				CE0107692930B846000804BC /* Base */,
			);
			name = LaunchScreen.storyboard;
			sourceTree = "<group>";
		};
		CE38F1CC293285490011F976 /* Localizable.strings */ = {
			isa = PBXVariantGroup;
			children = (
				CE38F1CB293285490011F976 /* en */,
				CEE2842129445C8A00CB138E /* de */,
				CEE2842229445C9300CB138E /* fr */,
				CEE2842329445CA100CB138E /* pt-PT */,
				CEE2842429445CA900CB138E /* es */,
			);
			name = Localizable.strings;
			sourceTree = "<group>";
		};
/* End PBXVariantGroup section */

/* Begin XCBuildConfiguration section */
		CE01076C2930B846000804BC /* Debug */ = {
			isa = XCBuildConfiguration;
			buildSettings = {
				ALWAYS_SEARCH_USER_PATHS = NO;
				CLANG_ANALYZER_LOCALIZABILITY_NONLOCALIZED = YES;
				CLANG_ANALYZER_NONNULL = YES;
				CLANG_ANALYZER_NUMBER_OBJECT_CONVERSION = YES_AGGRESSIVE;
				CLANG_CXX_LANGUAGE_STANDARD = "gnu++20";
				CLANG_ENABLE_MODULES = YES;
				CLANG_ENABLE_OBJC_ARC = YES;
				CLANG_ENABLE_OBJC_WEAK = YES;
				CLANG_WARN_BLOCK_CAPTURE_AUTORELEASING = YES;
				CLANG_WARN_BOOL_CONVERSION = YES;
				CLANG_WARN_COMMA = YES;
				CLANG_WARN_CONSTANT_CONVERSION = YES;
				CLANG_WARN_DEPRECATED_OBJC_IMPLEMENTATIONS = YES;
				CLANG_WARN_DIRECT_OBJC_ISA_USAGE = YES_ERROR;
				CLANG_WARN_DOCUMENTATION_COMMENTS = YES;
				CLANG_WARN_EMPTY_BODY = YES;
				CLANG_WARN_ENUM_CONVERSION = YES;
				CLANG_WARN_INFINITE_RECURSION = YES;
				CLANG_WARN_INT_CONVERSION = YES;
				CLANG_WARN_NON_LITERAL_NULL_CONVERSION = YES;
				CLANG_WARN_OBJC_IMPLICIT_RETAIN_SELF = YES;
				CLANG_WARN_OBJC_LITERAL_CONVERSION = YES;
				CLANG_WARN_OBJC_ROOT_CLASS = YES_ERROR;
				CLANG_WARN_QUOTED_INCLUDE_IN_FRAMEWORK_HEADER = YES;
				CLANG_WARN_RANGE_LOOP_ANALYSIS = YES;
				CLANG_WARN_STRICT_PROTOTYPES = YES;
				CLANG_WARN_SUSPICIOUS_MOVE = YES;
				CLANG_WARN_UNGUARDED_AVAILABILITY = YES_AGGRESSIVE;
				CLANG_WARN_UNREACHABLE_CODE = YES;
				CLANG_WARN__DUPLICATE_METHOD_MATCH = YES;
				COPY_PHASE_STRIP = NO;
				DEBUG_INFORMATION_FORMAT = dwarf;
				ENABLE_STRICT_OBJC_MSGSEND = YES;
				ENABLE_TESTABILITY = YES;
				GCC_C_LANGUAGE_STANDARD = gnu11;
				GCC_DYNAMIC_NO_PIC = NO;
				GCC_NO_COMMON_BLOCKS = YES;
				GCC_OPTIMIZATION_LEVEL = 0;
				GCC_PREPROCESSOR_DEFINITIONS = (
					"DEBUG=1",
					"$(inherited)",
				);
				GCC_WARN_64_TO_32_BIT_CONVERSION = YES;
				GCC_WARN_ABOUT_RETURN_TYPE = YES_ERROR;
				GCC_WARN_UNDECLARED_SELECTOR = YES;
				GCC_WARN_UNINITIALIZED_AUTOS = YES_AGGRESSIVE;
				GCC_WARN_UNUSED_FUNCTION = YES;
				GCC_WARN_UNUSED_VARIABLE = YES;
				IPHONEOS_DEPLOYMENT_TARGET = 13.0;
				MTL_ENABLE_DEBUG_INFO = INCLUDE_SOURCE;
				MTL_FAST_MATH = YES;
				ONLY_ACTIVE_ARCH = YES;
				SDKROOT = iphoneos;
				SWIFT_ACTIVE_COMPILATION_CONDITIONS = DEBUG;
				SWIFT_OPTIMIZATION_LEVEL = "-Onone";
			};
			name = Debug;
		};
		CE01076D2930B846000804BC /* Release */ = {
			isa = XCBuildConfiguration;
			buildSettings = {
				ALWAYS_SEARCH_USER_PATHS = NO;
				CLANG_ANALYZER_LOCALIZABILITY_NONLOCALIZED = YES;
				CLANG_ANALYZER_NONNULL = YES;
				CLANG_ANALYZER_NUMBER_OBJECT_CONVERSION = YES_AGGRESSIVE;
				CLANG_CXX_LANGUAGE_STANDARD = "gnu++20";
				CLANG_ENABLE_MODULES = YES;
				CLANG_ENABLE_OBJC_ARC = YES;
				CLANG_ENABLE_OBJC_WEAK = YES;
				CLANG_WARN_BLOCK_CAPTURE_AUTORELEASING = YES;
				CLANG_WARN_BOOL_CONVERSION = YES;
				CLANG_WARN_COMMA = YES;
				CLANG_WARN_CONSTANT_CONVERSION = YES;
				CLANG_WARN_DEPRECATED_OBJC_IMPLEMENTATIONS = YES;
				CLANG_WARN_DIRECT_OBJC_ISA_USAGE = YES_ERROR;
				CLANG_WARN_DOCUMENTATION_COMMENTS = YES;
				CLANG_WARN_EMPTY_BODY = YES;
				CLANG_WARN_ENUM_CONVERSION = YES;
				CLANG_WARN_INFINITE_RECURSION = YES;
				CLANG_WARN_INT_CONVERSION = YES;
				CLANG_WARN_NON_LITERAL_NULL_CONVERSION = YES;
				CLANG_WARN_OBJC_IMPLICIT_RETAIN_SELF = YES;
				CLANG_WARN_OBJC_LITERAL_CONVERSION = YES;
				CLANG_WARN_OBJC_ROOT_CLASS = YES_ERROR;
				CLANG_WARN_QUOTED_INCLUDE_IN_FRAMEWORK_HEADER = YES;
				CLANG_WARN_RANGE_LOOP_ANALYSIS = YES;
				CLANG_WARN_STRICT_PROTOTYPES = YES;
				CLANG_WARN_SUSPICIOUS_MOVE = YES;
				CLANG_WARN_UNGUARDED_AVAILABILITY = YES_AGGRESSIVE;
				CLANG_WARN_UNREACHABLE_CODE = YES;
				CLANG_WARN__DUPLICATE_METHOD_MATCH = YES;
				COPY_PHASE_STRIP = NO;
				DEBUG_INFORMATION_FORMAT = "dwarf-with-dsym";
				ENABLE_NS_ASSERTIONS = NO;
				ENABLE_STRICT_OBJC_MSGSEND = YES;
				GCC_C_LANGUAGE_STANDARD = gnu11;
				GCC_NO_COMMON_BLOCKS = YES;
				GCC_WARN_64_TO_32_BIT_CONVERSION = YES;
				GCC_WARN_ABOUT_RETURN_TYPE = YES_ERROR;
				GCC_WARN_UNDECLARED_SELECTOR = YES;
				GCC_WARN_UNINITIALIZED_AUTOS = YES_AGGRESSIVE;
				GCC_WARN_UNUSED_FUNCTION = YES;
				GCC_WARN_UNUSED_VARIABLE = YES;
				IPHONEOS_DEPLOYMENT_TARGET = 13.0;
				MTL_ENABLE_DEBUG_INFO = NO;
				MTL_FAST_MATH = YES;
				SDKROOT = iphoneos;
				SWIFT_COMPILATION_MODE = wholemodule;
				SWIFT_OPTIMIZATION_LEVEL = "-O";
				VALIDATE_PRODUCT = YES;
			};
			name = Release;
		};
		CE01076F2930B846000804BC /* Debug */ = {
			isa = XCBuildConfiguration;
			buildSettings = {
				ASSETCATALOG_COMPILER_APPICON_NAME = AppIcon;
				ASSETCATALOG_COMPILER_GLOBAL_ACCENT_COLOR_NAME = AccentColor;
				CODE_SIGN_STYLE = Automatic;
				CURRENT_PROJECT_VERSION = 0.9.0;
				DEVELOPMENT_TEAM = 578UT85CG6;
				GENERATE_INFOPLIST_FILE = YES;
				INFOPLIST_FILE = Sample/Info.plist;
				INFOPLIST_KEY_CFBundleDisplayName = WoundSDK;
				INFOPLIST_KEY_NSCameraUsageDescription = "for capturing photos and to calibrate them with a calibration marker";
				INFOPLIST_KEY_NSHumanReadableCopyright = "Copyright (c) 2022 by imito AG, Zurich, Switzerland";
				INFOPLIST_KEY_NSMicrophoneUsageDescription = "to capture video with audio";
				INFOPLIST_KEY_NSPhotoLibraryUsageDescription = "Access is required to add media from the photo album.";
				INFOPLIST_KEY_UIApplicationSupportsIndirectInputEvents = YES;
				INFOPLIST_KEY_UILaunchStoryboardName = LaunchScreen;
				INFOPLIST_KEY_UIMainStoryboardFile = Main;
				INFOPLIST_KEY_UIRequiresFullScreen = YES;
				INFOPLIST_KEY_UISupportedInterfaceOrientations = UIInterfaceOrientationPortrait;
				INFOPLIST_KEY_UISupportedInterfaceOrientations_iPad = "UIInterfaceOrientationLandscapeLeft UIInterfaceOrientationLandscapeRight UIInterfaceOrientationPortrait UIInterfaceOrientationPortraitUpsideDown";
				IPHONEOS_DEPLOYMENT_TARGET = 13.0;
				LD_RUNPATH_SEARCH_PATHS = (
					"$(inherited)",
					"@executable_path/Frameworks",
				);
				MARKETING_VERSION = 0.9.0;
				PRODUCT_BUNDLE_IDENTIFIER = io.imito.BoundingPointsDetector;
				PRODUCT_NAME = "$(TARGET_NAME)";
				SWIFT_EMIT_LOC_STRINGS = YES;
				SWIFT_VERSION = 5.0;
				TARGETED_DEVICE_FAMILY = "1,2";
			};
			name = Debug;
		};
		CE0107702930B846000804BC /* Release */ = {
			isa = XCBuildConfiguration;
			buildSettings = {
				ASSETCATALOG_COMPILER_APPICON_NAME = AppIcon;
				ASSETCATALOG_COMPILER_GLOBAL_ACCENT_COLOR_NAME = AccentColor;
				CODE_SIGN_STYLE = Automatic;
				CURRENT_PROJECT_VERSION = 0.9.0;
				DEVELOPMENT_TEAM = 578UT85CG6;
				GENERATE_INFOPLIST_FILE = YES;
				INFOPLIST_FILE = Sample/Info.plist;
				INFOPLIST_KEY_CFBundleDisplayName = WoundSDK;
				INFOPLIST_KEY_NSCameraUsageDescription = "for capturing photos and to calibrate them with a calibration marker";
				INFOPLIST_KEY_NSHumanReadableCopyright = "Copyright (c) 2022 by imito AG, Zurich, Switzerland";
				INFOPLIST_KEY_NSMicrophoneUsageDescription = "to capture video with audio";
				INFOPLIST_KEY_NSPhotoLibraryUsageDescription = "Access is required to add media from the photo album.";
				INFOPLIST_KEY_UIApplicationSupportsIndirectInputEvents = YES;
				INFOPLIST_KEY_UILaunchStoryboardName = LaunchScreen;
				INFOPLIST_KEY_UIMainStoryboardFile = Main;
				INFOPLIST_KEY_UIRequiresFullScreen = YES;
				INFOPLIST_KEY_UISupportedInterfaceOrientations = UIInterfaceOrientationPortrait;
				INFOPLIST_KEY_UISupportedInterfaceOrientations_iPad = "UIInterfaceOrientationLandscapeLeft UIInterfaceOrientationLandscapeRight UIInterfaceOrientationPortrait UIInterfaceOrientationPortraitUpsideDown";
				IPHONEOS_DEPLOYMENT_TARGET = 13.0;
				LD_RUNPATH_SEARCH_PATHS = (
					"$(inherited)",
					"@executable_path/Frameworks",
				);
				MARKETING_VERSION = 0.9.0;
				PRODUCT_BUNDLE_IDENTIFIER = io.imito.BoundingPointsDetector;
				PRODUCT_NAME = "$(TARGET_NAME)";
				SWIFT_EMIT_LOC_STRINGS = YES;
				SWIFT_VERSION = 5.0;
				TARGETED_DEVICE_FAMILY = "1,2";
			};
			name = Release;
		};
/* End XCBuildConfiguration section */

/* Begin XCConfigurationList section */
		CE0107552930B844000804BC /* Build configuration list for PBXProject "Sample" */ = {
			isa = XCConfigurationList;
			buildConfigurations = (
				CE01076C2930B846000804BC /* Debug */,
				CE01076D2930B846000804BC /* Release */,
			);
			defaultConfigurationIsVisible = 0;
			defaultConfigurationName = Release;
		};
		CE01076E2930B846000804BC /* Build configuration list for PBXNativeTarget "Sample" */ = {
			isa = XCConfigurationList;
			buildConfigurations = (
				CE01076F2930B846000804BC /* Debug */,
				CE0107702930B846000804BC /* Release */,
			);
			defaultConfigurationIsVisible = 0;
			defaultConfigurationName = Release;
		};
/* End XCConfigurationList section */
	};
	rootObject = CE0107522930B844000804BC /* Project object */;
}
