PODS:
  - FileBrowser (1.0.0)
  - TensorFlowLiteTaskVision (0.4.1)

DEPENDENCIES:
  - FileBrowser
  - TensorFlowLiteTaskVision (= 0.4.1)

SPEC REPOS:
  https://github.com/CocoaPods/Specs.git:
    - FileBrowser
    - TensorFlowLiteTaskVision

SPEC CHECKSUMS:
  FileBrowser: 2ca91ff61c9ea09665eb3b8f9e64a7a77e66a0bf
  TensorFlowLiteTaskVision: 3eca550fd6d3dd815569e3f0cba8ae9c71a90d2e

PODFILE CHECKSUM: 54cbefab1e818d6b8fa7b5e15291bff0e545bfe5

COCOAPODS: 1.16.2
